
Microsoft Visual Studio Solution File, Format Version 12.00
# Visual Studio Version 16
VisualStudioVersion = 16.0.30907.101
MinimumVisualStudioVersion = 10.0.40219.1
Project("{FAE04EC0-301F-11D3-BF4B-00C04F79EFBC}") = "DevCars.API", "DevCars.API\DevCars.API.csproj", "{5EF2459A-D02C-4591-90A6-B7D774FCC4F0}"
EndProject
Global
	GlobalSection(SolutionConfigurationPlatforms) = preSolution
		Debug|Any CPU = Debug|Any CPU
		Release|Any CPU = Release|Any CPU
	EndGlobalSection
	GlobalSection(ProjectConfigurationPlatforms) = postSolution
		{5EF2459A-D02C-4591-90A6-B7D774FCC4F0}.Debug|Any CPU.ActiveCfg = Debug|Any CPU
		{5EF2459A-D02C-4591-90A6-B7D774FCC4F0}.Debug|Any CPU.Build.0 = Debug|Any CPU
		{5EF2459A-D02C-4591-90A6-B7D774FCC4F0}.Release|Any CPU.ActiveCfg = Release|Any CPU
		{5EF2459A-D02C-4591-90A6-B7D774FCC4F0}.Release|Any CPU.Build.0 = Release|Any CPU
	EndGlobalSection
	GlobalSection(SolutionProperties) = preSolution
		HideSolutionNode = FALSE
	EndGlobalSection
	GlobalSection(ExtensibilityGlobals) = postSolution
		SolutionGuid = {E1035C2D-DF99-45EF-97D9-91A62704B1B9}
	EndGlobalSection
EndGlobal
